
Microsoft Visual Studio Solution File, Format Version 12.00
# Visual Studio Version 17
VisualStudioVersion = 17.14.36109.1 d17.14
MinimumVisualStudioVersion = 10.0.40219.1
Project("{FAE04EC0-301F-11D3-BF4B-00C04F79EFBC}") = "PhasmophobiaMenuExternal", "PhasmophobiaMenuExternal\PhasmophobiaMenuExternal.csproj", "{4CFA487A-FDE8-4724-84CA-0A190B2BF616}"
EndProject
Global
	GlobalSection(SolutionConfigurationPlatforms) = preSolution
		Debug|Any CPU = Debug|Any CPU
		Release|Any CPU = Release|Any CPU
	EndGlobalSection
	GlobalSection(ProjectConfigurationPlatforms) = postSolution
		{4CFA487A-FDE8-4724-84CA-0A190B2BF616}.Debug|Any CPU.ActiveCfg = Debug|Any CPU
		{4CFA487A-FDE8-4724-84CA-0A190B2BF616}.Debug|Any CPU.Build.0 = Debug|Any CPU
		{4CFA487A-FDE8-4724-84CA-0A190B2BF616}.Release|Any CPU.ActiveCfg = Release|Any CPU
		{4CFA487A-FDE8-4724-84CA-0A190B2BF616}.Release|Any CPU.Build.0 = Release|Any CPU
	EndGlobalSection
	GlobalSection(SolutionProperties) = preSolution
		HideSolutionNode = FALSE
	EndGlobalSection
	GlobalSection(ExtensibilityGlobals) = postSolution
		SolutionGuid = {2A64086B-9FF9-4334-9065-84650360EA3F}
	EndGlobalSection
EndGlobal
